// !$*UTF8*$!
{
	archiveVersion = 1;
	classes = {
	};
	objectVersion = 50;
	objects = {

/* Begin PBXBuildFile section */
		041FF991228C6C08008F8D75 /* UserDetailsController.swift in Sources */ = {isa = PBXBuildFile; fileRef = 041FF990228C6C08008F8D75 /* UserDetailsController.swift */; };
		041FF993228C7D7C008F8D75 /* SwipingPhotosController.swift in Sources */ = {isa = PBXBuildFile; fileRef = 041FF992228C7D7C008F8D75 /* SwipingPhotosController.swift */; };
		042147A6228B223400A72C3B /* AgeRangeCell.swift in Sources */ = {isa = PBXBuildFile; fileRef = 042147A5228B223400A72C3B /* AgeRangeCell.swift */; };
		042147AA228B33E300A72C3B /* LoginController.swift in Sources */ = {isa = PBXBuildFile; fileRef = 042147A8228B33E200A72C3B /* LoginController.swift */; };
		042147AB228B33E300A72C3B /* LoginViewModel.swift in Sources */ = {isa = PBXBuildFile; fileRef = 042147A9228B33E300A72C3B /* LoginViewModel.swift */; };
		042147AD228B3A3000A72C3B /* Firebase+Utils.swift in Sources */ = {isa = PBXBuildFile; fileRef = 042147AC228B3A3000A72C3B /* Firebase+Utils.swift */; };
		04231F3B2289D1F7002D7D5F /* SettingsController.swift in Sources */ = {isa = PBXBuildFile; fileRef = 04231F3A2289D1F7002D7D5F /* SettingsController.swift */; };
		04231F3D2289DA6B002D7D5F /* SettingsCell.swift in Sources */ = {isa = PBXBuildFile; fileRef = 04231F3C2289DA6B002D7D5F /* SettingsCell.swift */; };
		04259B57228DD0EE00360F35 /* PhotoController.swift in Sources */ = {isa = PBXBuildFile; fileRef = 04259B56228DD0EE00360F35 /* PhotoController.swift */; };
		0425EA7F228096DF002E1DF6 /* AppDelegate.swift in Sources */ = {isa = PBXBuildFile; fileRef = 0425EA7E228096DF002E1DF6 /* AppDelegate.swift */; };
		0425EA81228096DF002E1DF6 /* HomeController.swift in Sources */ = {isa = PBXBuildFile; fileRef = 0425EA80228096DF002E1DF6 /* HomeController.swift */; };
		0425EA84228096DF002E1DF6 /* Main.storyboard in Resources */ = {isa = PBXBuildFile; fileRef = 0425EA82228096DF002E1DF6 /* Main.storyboard */; };
		0425EA86228096E1002E1DF6 /* Assets.xcassets in Resources */ = {isa = PBXBuildFile; fileRef = 0425EA85228096E1002E1DF6 /* Assets.xcassets */; };
		0425EA89228096E1002E1DF6 /* LaunchScreen.storyboard in Resources */ = {isa = PBXBuildFile; fileRef = 0425EA87228096E1002E1DF6 /* LaunchScreen.storyboard */; };
		0425EA92228098E9002E1DF6 /* Extensions+UIView.swift in Sources */ = {isa = PBXBuildFile; fileRef = 0425EA91228098E9002E1DF6 /* Extensions+UIView.swift */; };
		042809F022833AC00089B719 /* User.swift in Sources */ = {isa = PBXBuildFile; fileRef = 042809EF22833AC00089B719 /* User.swift */; };
		042809F4228342240089B719 /* CardViewModel.swift in Sources */ = {isa = PBXBuildFile; fileRef = 042809F3228342240089B719 /* CardViewModel.swift */; };
		042809F62283493C0089B719 /* Advertiser.swift in Sources */ = {isa = PBXBuildFile; fileRef = 042809F52283493C0089B719 /* Advertiser.swift */; };
		0428C2812281EA1600E3EC75 /* HomeBottomControlsStackView.swift in Sources */ = {isa = PBXBuildFile; fileRef = 0428C2802281EA1600E3EC75 /* HomeBottomControlsStackView.swift */; };
		0428C2832281ED8500E3EC75 /* TopNavigationStackView.swift in Sources */ = {isa = PBXBuildFile; fileRef = 0428C2822281ED8500E3EC75 /* TopNavigationStackView.swift */; };
		0428C2852281F2B600E3EC75 /* CardView.swift in Sources */ = {isa = PBXBuildFile; fileRef = 0428C2842281F2B600E3EC75 /* CardView.swift */; };
		042CA80E2287337E007342E9 /* RegistrationViewController.swift in Sources */ = {isa = PBXBuildFile; fileRef = 042CA80D2287337E007342E9 /* RegistrationViewController.swift */; };
		042CA810228737F1007342E9 /* CustomTextField.swift in Sources */ = {isa = PBXBuildFile; fileRef = 042CA80F228737F1007342E9 /* CustomTextField.swift */; };
		042CA81222874CD3007342E9 /* RegistrationViewModel.swift in Sources */ = {isa = PBXBuildFile; fileRef = 042CA81122874CD3007342E9 /* RegistrationViewModel.swift */; };
		04909D0F2287FD17001D7A70 /* GoogleService-Info.plist in Resources */ = {isa = PBXBuildFile; fileRef = 04909D0E2287FD17001D7A70 /* GoogleService-Info.plist */; };
		04909D112288064C001D7A70 /* Bindable.swift in Sources */ = {isa = PBXBuildFile; fileRef = 04909D102288064C001D7A70 /* Bindable.swift */; };
		606C5D12DCD5F2E0F8241E53 /* Pods_SwipeMatchFirestoreLBTA.framework in Frameworks */ = {isa = PBXBuildFile; fileRef = 60B089F20F2F2515DA373E69 /* Pods_SwipeMatchFirestoreLBTA.framework */; };
/* End PBXBuildFile section */

/* Begin PBXFileReference section */
		041FF990228C6C08008F8D75 /* UserDetailsController.swift */ = {isa = PBXFileReference; lastKnownFileType = sourcecode.swift; path = UserDetailsController.swift; sourceTree = "<group>"; };
		041FF992228C7D7C008F8D75 /* SwipingPhotosController.swift */ = {isa = PBXFileReference; lastKnownFileType = sourcecode.swift; path = SwipingPhotosController.swift; sourceTree = "<group>"; };
		042147A5228B223400A72C3B /* AgeRangeCell.swift */ = {isa = PBXFileReference; lastKnownFileType = sourcecode.swift; path = AgeRangeCell.swift; sourceTree = "<group>"; };
		042147A8228B33E200A72C3B /* LoginController.swift */ = {isa = PBXFileReference; fileEncoding = 4; lastKnownFileType = sourcecode.swift; path = LoginController.swift; sourceTree = "<group>"; };
		042147A9228B33E300A72C3B /* LoginViewModel.swift */ = {isa = PBXFileReference; fileEncoding = 4; lastKnownFileType = sourcecode.swift; path = LoginViewModel.swift; sourceTree = "<group>"; };
		042147AC228B3A3000A72C3B /* Firebase+Utils.swift */ = {isa = PBXFileReference; lastKnownFileType = sourcecode.swift; path = "Firebase+Utils.swift"; sourceTree = "<group>"; };
		04231F3A2289D1F7002D7D5F /* SettingsController.swift */ = {isa = PBXFileReference; lastKnownFileType = sourcecode.swift; path = SettingsController.swift; sourceTree = "<group>"; };
		04231F3C2289DA6B002D7D5F /* SettingsCell.swift */ = {isa = PBXFileReference; lastKnownFileType = sourcecode.swift; path = SettingsCell.swift; sourceTree = "<group>"; };
		04259B56228DD0EE00360F35 /* PhotoController.swift */ = {isa = PBXFileReference; lastKnownFileType = sourcecode.swift; path = PhotoController.swift; sourceTree = "<group>"; };
		0425EA7B228096DF002E1DF6 /* SwipeMatchFirestoreLBTA.app */ = {isa = PBXFileReference; explicitFileType = wrapper.application; includeInIndex = 0; path = SwipeMatchFirestoreLBTA.app; sourceTree = BUILT_PRODUCTS_DIR; };
		0425EA7E228096DF002E1DF6 /* AppDelegate.swift */ = {isa = PBXFileReference; lastKnownFileType = sourcecode.swift; path = AppDelegate.swift; sourceTree = "<group>"; };
		0425EA80228096DF002E1DF6 /* HomeController.swift */ = {isa = PBXFileReference; lastKnownFileType = sourcecode.swift; path = HomeController.swift; sourceTree = "<group>"; };
		0425EA83228096DF002E1DF6 /* Base */ = {isa = PBXFileReference; lastKnownFileType = file.storyboard; name = Base; path = Base.lproj/Main.storyboard; sourceTree = "<group>"; };
		0425EA85228096E1002E1DF6 /* Assets.xcassets */ = {isa = PBXFileReference; lastKnownFileType = folder.assetcatalog; path = Assets.xcassets; sourceTree = "<group>"; };
		0425EA88228096E1002E1DF6 /* Base */ = {isa = PBXFileReference; lastKnownFileType = file.storyboard; name = Base; path = Base.lproj/LaunchScreen.storyboard; sourceTree = "<group>"; };
		0425EA8A228096E1002E1DF6 /* Info.plist */ = {isa = PBXFileReference; lastKnownFileType = text.plist.xml; path = Info.plist; sourceTree = "<group>"; };
		0425EA91228098E9002E1DF6 /* Extensions+UIView.swift */ = {isa = PBXFileReference; fileEncoding = 4; lastKnownFileType = sourcecode.swift; path = "Extensions+UIView.swift"; sourceTree = "<group>"; };
		042809EF22833AC00089B719 /* User.swift */ = {isa = PBXFileReference; lastKnownFileType = sourcecode.swift; path = User.swift; sourceTree = "<group>"; };
		042809F3228342240089B719 /* CardViewModel.swift */ = {isa = PBXFileReference; lastKnownFileType = sourcecode.swift; path = CardViewModel.swift; sourceTree = "<group>"; };
		042809F52283493C0089B719 /* Advertiser.swift */ = {isa = PBXFileReference; lastKnownFileType = sourcecode.swift; path = Advertiser.swift; sourceTree = "<group>"; };
		0428C2802281EA1600E3EC75 /* HomeBottomControlsStackView.swift */ = {isa = PBXFileReference; lastKnownFileType = sourcecode.swift; path = HomeBottomControlsStackView.swift; sourceTree = "<group>"; };
		0428C2822281ED8500E3EC75 /* TopNavigationStackView.swift */ = {isa = PBXFileReference; lastKnownFileType = sourcecode.swift; path = TopNavigationStackView.swift; sourceTree = "<group>"; };
		0428C2842281F2B600E3EC75 /* CardView.swift */ = {isa = PBXFileReference; lastKnownFileType = sourcecode.swift; path = CardView.swift; sourceTree = "<group>"; };
		042CA80D2287337E007342E9 /* RegistrationViewController.swift */ = {isa = PBXFileReference; lastKnownFileType = sourcecode.swift; path = RegistrationViewController.swift; sourceTree = "<group>"; };
		042CA80F228737F1007342E9 /* CustomTextField.swift */ = {isa = PBXFileReference; lastKnownFileType = sourcecode.swift; path = CustomTextField.swift; sourceTree = "<group>"; };
		042CA81122874CD3007342E9 /* RegistrationViewModel.swift */ = {isa = PBXFileReference; lastKnownFileType = sourcecode.swift; path = RegistrationViewModel.swift; sourceTree = "<group>"; };
		04909D0E2287FD17001D7A70 /* GoogleService-Info.plist */ = {isa = PBXFileReference; fileEncoding = 4; lastKnownFileType = text.plist.xml; path = "GoogleService-Info.plist"; sourceTree = "<group>"; };
		04909D102288064C001D7A70 /* Bindable.swift */ = {isa = PBXFileReference; lastKnownFileType = sourcecode.swift; path = Bindable.swift; sourceTree = "<group>"; };
		60B089F20F2F2515DA373E69 /* Pods_SwipeMatchFirestoreLBTA.framework */ = {isa = PBXFileReference; explicitFileType = wrapper.framework; includeInIndex = 0; path = Pods_SwipeMatchFirestoreLBTA.framework; sourceTree = BUILT_PRODUCTS_DIR; };
		79E462E8420AE5FA58D7AB1B /* Pods-SwipeMatchFirestoreLBTA.debug.xcconfig */ = {isa = PBXFileReference; includeInIndex = 1; lastKnownFileType = text.xcconfig; name = "Pods-SwipeMatchFirestoreLBTA.debug.xcconfig"; path = "Pods/Target Support Files/Pods-SwipeMatchFirestoreLBTA/Pods-SwipeMatchFirestoreLBTA.debug.xcconfig"; sourceTree = "<group>"; };
		FF8847078AFB8AB2C9153A1D /* Pods-SwipeMatchFirestoreLBTA.release.xcconfig */ = {isa = PBXFileReference; includeInIndex = 1; lastKnownFileType = text.xcconfig; name = "Pods-SwipeMatchFirestoreLBTA.release.xcconfig"; path = "Pods/Target Support Files/Pods-SwipeMatchFirestoreLBTA/Pods-SwipeMatchFirestoreLBTA.release.xcconfig"; sourceTree = "<group>"; };
/* End PBXFileReference section */

/* Begin PBXFrameworksBuildPhase section */
		0425EA78228096DF002E1DF6 /* Frameworks */ = {
			isa = PBXFrameworksBuildPhase;
			buildActionMask = 2147483647;
			files = (
				606C5D12DCD5F2E0F8241E53 /* Pods_SwipeMatchFirestoreLBTA.framework in Frameworks */,
			);
			runOnlyForDeploymentPostprocessing = 0;
		};
/* End PBXFrameworksBuildPhase section */

/* Begin PBXGroup section */
		041FF98F228C6BEE008F8D75 /* User Details */ = {
			isa = PBXGroup;
			children = (
				041FF990228C6C08008F8D75 /* UserDetailsController.swift */,
				041FF992228C7D7C008F8D75 /* SwipingPhotosController.swift */,
				04259B56228DD0EE00360F35 /* PhotoController.swift */,
			);
			path = "User Details";
			sourceTree = "<group>";
		};
		042147A7228B33B000A72C3B /* Login */ = {
			isa = PBXGroup;
			children = (
				042147A8228B33E200A72C3B /* LoginController.swift */,
				042147A9228B33E300A72C3B /* LoginViewModel.swift */,
			);
			path = Login;
			sourceTree = "<group>";
		};
		0425EA72228096DF002E1DF6 = {
			isa = PBXGroup;
			children = (
				0425EA7D228096DF002E1DF6 /* SwipeMatchFirestoreLBTA */,
				0425EA7C228096DF002E1DF6 /* Products */,
				66F262A14BF7AF31287D1D96 /* Pods */,
				811D3A505657FAC812D30CD1 /* Frameworks */,
			);
			sourceTree = "<group>";
		};
		0425EA7C228096DF002E1DF6 /* Products */ = {
			isa = PBXGroup;
			children = (
				0425EA7B228096DF002E1DF6 /* SwipeMatchFirestoreLBTA.app */,
			);
			name = Products;
			sourceTree = "<group>";
		};
		0425EA7D228096DF002E1DF6 /* SwipeMatchFirestoreLBTA */ = {
			isa = PBXGroup;
			children = (
				042809F22283420D0089B719 /* ViewModels */,
				042809EE22833AB20089B719 /* Model */,
				0428C27F2281E9DD00E3EC75 /* Views */,
				042809F1228341710089B719 /* Controllers */,
				0425EA902280986A002E1DF6 /* Extensions */,
				0425EA7E228096DF002E1DF6 /* AppDelegate.swift */,
				0425EA82228096DF002E1DF6 /* Main.storyboard */,
				0425EA85228096E1002E1DF6 /* Assets.xcassets */,
				0425EA87228096E1002E1DF6 /* LaunchScreen.storyboard */,
				0425EA8A228096E1002E1DF6 /* Info.plist */,
				04909D0E2287FD17001D7A70 /* GoogleService-Info.plist */,
			);
			path = SwipeMatchFirestoreLBTA;
			sourceTree = "<group>";
		};
		0425EA902280986A002E1DF6 /* Extensions */ = {
			isa = PBXGroup;
			children = (
				0425EA91228098E9002E1DF6 /* Extensions+UIView.swift */,
				042147AC228B3A3000A72C3B /* Firebase+Utils.swift */,
			);
			path = Extensions;
			sourceTree = "<group>";
		};
		042809EE22833AB20089B719 /* Model */ = {
			isa = PBXGroup;
			children = (
				042809EF22833AC00089B719 /* User.swift */,
				042809F52283493C0089B719 /* Advertiser.swift */,
			);
			path = Model;
			sourceTree = "<group>";
		};
		042809F1228341710089B719 /* Controllers */ = {
			isa = PBXGroup;
			children = (
				041FF98F228C6BEE008F8D75 /* User Details */,
				042147A7228B33B000A72C3B /* Login */,
				0425EA80228096DF002E1DF6 /* HomeController.swift */,
				042CA80D2287337E007342E9 /* RegistrationViewController.swift */,
				042CA81122874CD3007342E9 /* RegistrationViewModel.swift */,
				04909D102288064C001D7A70 /* Bindable.swift */,
				04231F3A2289D1F7002D7D5F /* SettingsController.swift */,
			);
			path = Controllers;
			sourceTree = "<group>";
		};
		042809F22283420D0089B719 /* ViewModels */ = {
			isa = PBXGroup;
			children = (
				042809F3228342240089B719 /* CardViewModel.swift */,
			);
			path = ViewModels;
			sourceTree = "<group>";
		};
		0428C27F2281E9DD00E3EC75 /* Views */ = {
			isa = PBXGroup;
			children = (
				0428C2802281EA1600E3EC75 /* HomeBottomControlsStackView.swift */,
				0428C2822281ED8500E3EC75 /* TopNavigationStackView.swift */,
				0428C2842281F2B600E3EC75 /* CardView.swift */,
				042CA80F228737F1007342E9 /* CustomTextField.swift */,
				04231F3C2289DA6B002D7D5F /* SettingsCell.swift */,
				042147A5228B223400A72C3B /* AgeRangeCell.swift */,
			);
			path = Views;
			sourceTree = "<group>";
		};
		66F262A14BF7AF31287D1D96 /* Pods */ = {
			isa = PBXGroup;
			children = (
				79E462E8420AE5FA58D7AB1B /* Pods-SwipeMatchFirestoreLBTA.debug.xcconfig */,
				FF8847078AFB8AB2C9153A1D /* Pods-SwipeMatchFirestoreLBTA.release.xcconfig */,
			);
			name = Pods;
			sourceTree = "<group>";
		};
		811D3A505657FAC812D30CD1 /* Frameworks */ = {
			isa = PBXGroup;
			children = (
				60B089F20F2F2515DA373E69 /* Pods_SwipeMatchFirestoreLBTA.framework */,
			);
			name = Frameworks;
			sourceTree = "<group>";
		};
/* End PBXGroup section */

/* Begin PBXNativeTarget section */
		0425EA7A228096DF002E1DF6 /* SwipeMatchFirestoreLBTA */ = {
			isa = PBXNativeTarget;
			buildConfigurationList = 0425EA8D228096E1002E1DF6 /* Build configuration list for PBXNativeTarget "SwipeMatchFirestoreLBTA" */;
			buildPhases = (
				15BA35114BD1D8A088813E9B /* [CP] Check Pods Manifest.lock */,
				0425EA77228096DF002E1DF6 /* Sources */,
				0425EA78228096DF002E1DF6 /* Frameworks */,
				0425EA79228096DF002E1DF6 /* Resources */,
				BC2E1D5E276615564CC49E4B /* [CP] Embed Pods Frameworks */,
			);
			buildRules = (
			);
			dependencies = (
			);
			name = SwipeMatchFirestoreLBTA;
			productName = SwipeMatchFirestoreLBTA;
			productReference = 0425EA7B228096DF002E1DF6 /* SwipeMatchFirestoreLBTA.app */;
			productType = "com.apple.product-type.application";
		};
/* End PBXNativeTarget section */

/* Begin PBXProject section */
		0425EA73228096DF002E1DF6 /* Project object */ = {
			isa = PBXProject;
			attributes = {
				LastSwiftUpdateCheck = 1010;
				LastUpgradeCheck = 1010;
				ORGANIZATIONNAME = Jack;
				TargetAttributes = {
					0425EA7A228096DF002E1DF6 = {
						CreatedOnToolsVersion = 10.1;
					};
				};
			};
			buildConfigurationList = 0425EA76228096DF002E1DF6 /* Build configuration list for PBXProject "SwipeMatchFirestoreLBTA" */;
			compatibilityVersion = "Xcode 9.3";
			developmentRegion = en;
			hasScannedForEncodings = 0;
			knownRegions = (
				en,
				Base,
			);
			mainGroup = 0425EA72228096DF002E1DF6;
			productRefGroup = 0425EA7C228096DF002E1DF6 /* Products */;
			projectDirPath = "";
			projectRoot = "";
			targets = (
				0425EA7A228096DF002E1DF6 /* SwipeMatchFirestoreLBTA */,
			);
		};
/* End PBXProject section */

/* Begin PBXResourcesBuildPhase section */
		0425EA79228096DF002E1DF6 /* Resources */ = {
			isa = PBXResourcesBuildPhase;
			buildActionMask = 2147483647;
			files = (
				0425EA89228096E1002E1DF6 /* LaunchScreen.storyboard in Resources */,
				04909D0F2287FD17001D7A70 /* GoogleService-Info.plist in Resources */,
				0425EA86228096E1002E1DF6 /* Assets.xcassets in Resources */,
				0425EA84228096DF002E1DF6 /* Main.storyboard in Resources */,
			);
			runOnlyForDeploymentPostprocessing = 0;
		};
/* End PBXResourcesBuildPhase section */

/* Begin PBXShellScriptBuildPhase section */
		15BA35114BD1D8A088813E9B /* [CP] Check Pods Manifest.lock */ = {
			isa = PBXShellScriptBuildPhase;
			buildActionMask = 2147483647;
			files = (
			);
			inputPaths = (
				"${PODS_PODFILE_DIR_PATH}/Podfile.lock",
				"${PODS_ROOT}/Manifest.lock",
			);
			name = "[CP] Check Pods Manifest.lock";
			outputPaths = (
				"$(DERIVED_FILE_DIR)/Pods-SwipeMatchFirestoreLBTA-checkManifestLockResult.txt",
			);
			runOnlyForDeploymentPostprocessing = 0;
			shellPath = /bin/sh;
			shellScript = "diff \"${PODS_PODFILE_DIR_PATH}/Podfile.lock\" \"${PODS_ROOT}/Manifest.lock\" > /dev/null\nif [ $? != 0 ] ; then\n    # print error to STDERR\n    echo \"error: The sandbox is not in sync with the Podfile.lock. Run 'pod install' or update your CocoaPods installation.\" >&2\n    exit 1\nfi\n# This output is used by Xcode 'outputs' to avoid re-running this script phase.\necho \"SUCCESS\" > \"${SCRIPT_OUTPUT_FILE_0}\"\n";
			showEnvVarsInLog = 0;
		};
		BC2E1D5E276615564CC49E4B /* [CP] Embed Pods Frameworks */ = {
			isa = PBXShellScriptBuildPhase;
			buildActionMask = 2147483647;
			files = (
			);
			inputPaths = (
				"${SRCROOT}/Pods/Target Support Files/Pods-SwipeMatchFirestoreLBTA/Pods-SwipeMatchFirestoreLBTA-frameworks.sh",
				"${BUILT_PRODUCTS_DIR}/BoringSSL-GRPC/openssl_grpc.framework",
				"${BUILT_PRODUCTS_DIR}/GTMSessionFetcher/GTMSessionFetcher.framework",
				"${BUILT_PRODUCTS_DIR}/GoogleUtilities/GoogleUtilities.framework",
				"${BUILT_PRODUCTS_DIR}/JGProgressHUD/JGProgressHUD.framework",
				"${BUILT_PRODUCTS_DIR}/Protobuf/Protobuf.framework",
				"${BUILT_PRODUCTS_DIR}/SDWebImage/SDWebImage.framework",
				"${BUILT_PRODUCTS_DIR}/gRPC/GRPCClient.framework",
				"${BUILT_PRODUCTS_DIR}/gRPC-C++/grpcpp.framework",
				"${BUILT_PRODUCTS_DIR}/gRPC-Core/grpc.framework",
				"${BUILT_PRODUCTS_DIR}/gRPC-ProtoRPC/ProtoRPC.framework",
				"${BUILT_PRODUCTS_DIR}/gRPC-RxLibrary/RxLibrary.framework",
				"${BUILT_PRODUCTS_DIR}/leveldb-library/leveldb.framework",
				"${BUILT_PRODUCTS_DIR}/nanopb/nanopb.framework",
			);
			name = "[CP] Embed Pods Frameworks";
			outputPaths = (
				"${TARGET_BUILD_DIR}/${FRAMEWORKS_FOLDER_PATH}/openssl_grpc.framework",
				"${TARGET_BUILD_DIR}/${FRAMEWORKS_FOLDER_PATH}/GTMSessionFetcher.framework",
				"${TARGET_BUILD_DIR}/${FRAMEWORKS_FOLDER_PATH}/GoogleUtilities.framework",
				"${TARGET_BUILD_DIR}/${FRAMEWORKS_FOLDER_PATH}/JGProgressHUD.framework",
				"${TARGET_BUILD_DIR}/${FRAMEWORKS_FOLDER_PATH}/Protobuf.framework",
				"${TARGET_BUILD_DIR}/${FRAMEWORKS_FOLDER_PATH}/SDWebImage.framework",
				"${TARGET_BUILD_DIR}/${FRAMEWORKS_FOLDER_PATH}/GRPCClient.framework",
				"${TARGET_BUILD_DIR}/${FRAMEWORKS_FOLDER_PATH}/grpcpp.framework",
				"${TARGET_BUILD_DIR}/${FRAMEWORKS_FOLDER_PATH}/grpc.framework",
				"${TARGET_BUILD_DIR}/${FRAMEWORKS_FOLDER_PATH}/ProtoRPC.framework",
				"${TARGET_BUILD_DIR}/${FRAMEWORKS_FOLDER_PATH}/RxLibrary.framework",
				"${TARGET_BUILD_DIR}/${FRAMEWORKS_FOLDER_PATH}/leveldb.framework",
				"${TARGET_BUILD_DIR}/${FRAMEWORKS_FOLDER_PATH}/nanopb.framework",
			);
			runOnlyForDeploymentPostprocessing = 0;
			shellPath = /bin/sh;
			shellScript = "\"${SRCROOT}/Pods/Target Support Files/Pods-SwipeMatchFirestoreLBTA/Pods-SwipeMatchFirestoreLBTA-frameworks.sh\"\n";
			showEnvVarsInLog = 0;
		};
/* End PBXShellScriptBuildPhase section */

/* Begin PBXSourcesBuildPhase section */
		0425EA77228096DF002E1DF6 /* Sources */ = {
			isa = PBXSourcesBuildPhase;
			buildActionMask = 2147483647;
			files = (
				04909D112288064C001D7A70 /* Bindable.swift in Sources */,
				0425EA81228096DF002E1DF6 /* HomeController.swift in Sources */,
				042CA81222874CD3007342E9 /* RegistrationViewModel.swift in Sources */,
				042CA810228737F1007342E9 /* CustomTextField.swift in Sources */,
				0428C2812281EA1600E3EC75 /* HomeBottomControlsStackView.swift in Sources */,
				042809F62283493C0089B719 /* Advertiser.swift in Sources */,
				0425EA7F228096DF002E1DF6 /* AppDelegate.swift in Sources */,
				041FF991228C6C08008F8D75 /* UserDetailsController.swift in Sources */,
				042147A6228B223400A72C3B /* AgeRangeCell.swift in Sources */,
				042147AB228B33E300A72C3B /* LoginViewModel.swift in Sources */,
				042CA80E2287337E007342E9 /* RegistrationViewController.swift in Sources */,
				042147AD228B3A3000A72C3B /* Firebase+Utils.swift in Sources */,
				0425EA92228098E9002E1DF6 /* Extensions+UIView.swift in Sources */,
				042809F4228342240089B719 /* CardViewModel.swift in Sources */,
				042147AA228B33E300A72C3B /* LoginController.swift in Sources */,
				04231F3B2289D1F7002D7D5F /* SettingsController.swift in Sources */,
				04259B57228DD0EE00360F35 /* PhotoController.swift in Sources */,
				0428C2852281F2B600E3EC75 /* CardView.swift in Sources */,
				0428C2832281ED8500E3EC75 /* TopNavigationStackView.swift in Sources */,
				042809F022833AC00089B719 /* User.swift in Sources */,
				04231F3D2289DA6B002D7D5F /* SettingsCell.swift in Sources */,
				041FF993228C7D7C008F8D75 /* SwipingPhotosController.swift in Sources */,
			);
			runOnlyForDeploymentPostprocessing = 0;
		};
/* End PBXSourcesBuildPhase section */

/* Begin PBXVariantGroup section */
		0425EA82228096DF002E1DF6 /* Main.storyboard */ = {
			isa = PBXVariantGroup;
			children = (
				0425EA83228096DF002E1DF6 /* Base */,
			);
			name = Main.storyboard;
			sourceTree = "<group>";
		};
		0425EA87228096E1002E1DF6 /* LaunchScreen.storyboard */ = {
			isa = PBXVariantGroup;
			children = (
				0425EA88228096E1002E1DF6 /* Base */,
			);
			name = LaunchScreen.storyboard;
			sourceTree = "<group>";
		};
/* End PBXVariantGroup section */

/* Begin XCBuildConfiguration section */
		0425EA8B228096E1002E1DF6 /* Debug */ = {
			isa = XCBuildConfiguration;
			buildSettings = {
				ALWAYS_SEARCH_USER_PATHS = NO;
				CLANG_ANALYZER_NONNULL = YES;
				CLANG_ANALYZER_NUMBER_OBJECT_CONVERSION = YES_AGGRESSIVE;
				CLANG_CXX_LANGUAGE_STANDARD = "gnu++14";
				CLANG_CXX_LIBRARY = "libc++";
				CLANG_ENABLE_MODULES = YES;
				CLANG_ENABLE_OBJC_ARC = YES;
				CLANG_ENABLE_OBJC_WEAK = YES;
				CLANG_WARN_BLOCK_CAPTURE_AUTORELEASING = YES;
				CLANG_WARN_BOOL_CONVERSION = YES;
				CLANG_WARN_COMMA = YES;
				CLANG_WARN_CONSTANT_CONVERSION = YES;
				CLANG_WARN_DEPRECATED_OBJC_IMPLEMENTATIONS = YES;
				CLANG_WARN_DIRECT_OBJC_ISA_USAGE = YES_ERROR;
				CLANG_WARN_DOCUMENTATION_COMMENTS = YES;
				CLANG_WARN_EMPTY_BODY = YES;
				CLANG_WARN_ENUM_CONVERSION = YES;
				CLANG_WARN_INFINITE_RECURSION = YES;
				CLANG_WARN_INT_CONVERSION = YES;
				CLANG_WARN_NON_LITERAL_NULL_CONVERSION = YES;
				CLANG_WARN_OBJC_IMPLICIT_RETAIN_SELF = YES;
				CLANG_WARN_OBJC_LITERAL_CONVERSION = YES;
				CLANG_WARN_OBJC_ROOT_CLASS = YES_ERROR;
				CLANG_WARN_RANGE_LOOP_ANALYSIS = YES;
				CLANG_WARN_STRICT_PROTOTYPES = YES;
				CLANG_WARN_SUSPICIOUS_MOVE = YES;
				CLANG_WARN_UNGUARDED_AVAILABILITY = YES_AGGRESSIVE;
				CLANG_WARN_UNREACHABLE_CODE = YES;
				CLANG_WARN__DUPLICATE_METHOD_MATCH = YES;
				CODE_SIGN_IDENTITY = "iPhone Developer";
				COPY_PHASE_STRIP = NO;
				DEBUG_INFORMATION_FORMAT = dwarf;
				ENABLE_STRICT_OBJC_MSGSEND = YES;
				ENABLE_TESTABILITY = YES;
				GCC_C_LANGUAGE_STANDARD = gnu11;
				GCC_DYNAMIC_NO_PIC = NO;
				GCC_NO_COMMON_BLOCKS = YES;
				GCC_OPTIMIZATION_LEVEL = 0;
				GCC_PREPROCESSOR_DEFINITIONS = (
					"DEBUG=1",
					"$(inherited)",
				);
				GCC_WARN_64_TO_32_BIT_CONVERSION = YES;
				GCC_WARN_ABOUT_RETURN_TYPE = YES_ERROR;
				GCC_WARN_UNDECLARED_SELECTOR = YES;
				GCC_WARN_UNINITIALIZED_AUTOS = YES_AGGRESSIVE;
				GCC_WARN_UNUSED_FUNCTION = YES;
				GCC_WARN_UNUSED_VARIABLE = YES;
				IPHONEOS_DEPLOYMENT_TARGET = 12.1;
				MTL_ENABLE_DEBUG_INFO = INCLUDE_SOURCE;
				MTL_FAST_MATH = YES;
				ONLY_ACTIVE_ARCH = YES;
				SDKROOT = iphoneos;
				SWIFT_ACTIVE_COMPILATION_CONDITIONS = DEBUG;
				SWIFT_OPTIMIZATION_LEVEL = "-Onone";
			};
			name = Debug;
		};
		0425EA8C228096E1002E1DF6 /* Release */ = {
			isa = XCBuildConfiguration;
			buildSettings = {
				ALWAYS_SEARCH_USER_PATHS = NO;
				CLANG_ANALYZER_NONNULL = YES;
				CLANG_ANALYZER_NUMBER_OBJECT_CONVERSION = YES_AGGRESSIVE;
				CLANG_CXX_LANGUAGE_STANDARD = "gnu++14";
				CLANG_CXX_LIBRARY = "libc++";
				CLANG_ENABLE_MODULES = YES;
				CLANG_ENABLE_OBJC_ARC = YES;
				CLANG_ENABLE_OBJC_WEAK = YES;
				CLANG_WARN_BLOCK_CAPTURE_AUTORELEASING = YES;
				CLANG_WARN_BOOL_CONVERSION = YES;
				CLANG_WARN_COMMA = YES;
				CLANG_WARN_CONSTANT_CONVERSION = YES;
				CLANG_WARN_DEPRECATED_OBJC_IMPLEMENTATIONS = YES;
				CLANG_WARN_DIRECT_OBJC_ISA_USAGE = YES_ERROR;
				CLANG_WARN_DOCUMENTATION_COMMENTS = YES;
				CLANG_WARN_EMPTY_BODY = YES;
				CLANG_WARN_ENUM_CONVERSION = YES;
				CLANG_WARN_INFINITE_RECURSION = YES;
				CLANG_WARN_INT_CONVERSION = YES;
				CLANG_WARN_NON_LITERAL_NULL_CONVERSION = YES;
				CLANG_WARN_OBJC_IMPLICIT_RETAIN_SELF = YES;
				CLANG_WARN_OBJC_LITERAL_CONVERSION = YES;
				CLANG_WARN_OBJC_ROOT_CLASS = YES_ERROR;
				CLANG_WARN_RANGE_LOOP_ANALYSIS = YES;
				CLANG_WARN_STRICT_PROTOTYPES = YES;
				CLANG_WARN_SUSPICIOUS_MOVE = YES;
				CLANG_WARN_UNGUARDED_AVAILABILITY = YES_AGGRESSIVE;
				CLANG_WARN_UNREACHABLE_CODE = YES;
				CLANG_WARN__DUPLICATE_METHOD_MATCH = YES;
				CODE_SIGN_IDENTITY = "iPhone Developer";
				COPY_PHASE_STRIP = NO;
				DEBUG_INFORMATION_FORMAT = "dwarf-with-dsym";
				ENABLE_NS_ASSERTIONS = NO;
				ENABLE_STRICT_OBJC_MSGSEND = YES;
				GCC_C_LANGUAGE_STANDARD = gnu11;
				GCC_NO_COMMON_BLOCKS = YES;
				GCC_WARN_64_TO_32_BIT_CONVERSION = YES;
				GCC_WARN_ABOUT_RETURN_TYPE = YES_ERROR;
				GCC_WARN_UNDECLARED_SELECTOR = YES;
				GCC_WARN_UNINITIALIZED_AUTOS = YES_AGGRESSIVE;
				GCC_WARN_UNUSED_FUNCTION = YES;
				GCC_WARN_UNUSED_VARIABLE = YES;
				IPHONEOS_DEPLOYMENT_TARGET = 12.1;
				MTL_ENABLE_DEBUG_INFO = NO;
				MTL_FAST_MATH = YES;
				SDKROOT = iphoneos;
				SWIFT_COMPILATION_MODE = wholemodule;
				SWIFT_OPTIMIZATION_LEVEL = "-O";
				VALIDATE_PRODUCT = YES;
			};
			name = Release;
		};
		0425EA8E228096E1002E1DF6 /* Debug */ = {
			isa = XCBuildConfiguration;
			baseConfigurationReference = 79E462E8420AE5FA58D7AB1B /* Pods-SwipeMatchFirestoreLBTA.debug.xcconfig */;
			buildSettings = {
				ASSETCATALOG_COMPILER_APPICON_NAME = AppIcon;
				CODE_SIGN_STYLE = Automatic;
				DEVELOPMENT_TEAM = TXMCUUX4PU;
				INFOPLIST_FILE = SwipeMatchFirestoreLBTA/Info.plist;
				LD_RUNPATH_SEARCH_PATHS = (
					"$(inherited)",
					"@executable_path/Frameworks",
				);
				PRODUCT_BUNDLE_IDENTIFIER = com.wordpress.jack.SwipeMatchFirestoreLBTA;
				PRODUCT_NAME = "$(TARGET_NAME)";
				SWIFT_VERSION = 4.2;
				TARGETED_DEVICE_FAMILY = "1,2";
			};
			name = Debug;
		};
		0425EA8F228096E1002E1DF6 /* Release */ = {
			isa = XCBuildConfiguration;
			baseConfigurationReference = FF8847078AFB8AB2C9153A1D /* Pods-SwipeMatchFirestoreLBTA.release.xcconfig */;
			buildSettings = {
				ASSETCATALOG_COMPILER_APPICON_NAME = AppIcon;
				CODE_SIGN_STYLE = Automatic;
				DEVELOPMENT_TEAM = TXMCUUX4PU;
				INFOPLIST_FILE = SwipeMatchFirestoreLBTA/Info.plist;
				LD_RUNPATH_SEARCH_PATHS = (
					"$(inherited)",
					"@executable_path/Frameworks",
				);
				PRODUCT_BUNDLE_IDENTIFIER = com.wordpress.jack.SwipeMatchFirestoreLBTA;
				PRODUCT_NAME = "$(TARGET_NAME)";
				SWIFT_VERSION = 4.2;
				TARGETED_DEVICE_FAMILY = "1,2";
			};
			name = Release;
		};
/* End XCBuildConfiguration section */

/* Begin XCConfigurationList section */
		0425EA76228096DF002E1DF6 /* Build configuration list for PBXProject "SwipeMatchFirestoreLBTA" */ = {
			isa = XCConfigurationList;
			buildConfigurations = (
				0425EA8B228096E1002E1DF6 /* Debug */,
				0425EA8C228096E1002E1DF6 /* Release */,
			);
			defaultConfigurationIsVisible = 0;
			defaultConfigurationName = Release;
		};
		0425EA8D228096E1002E1DF6 /* Build configuration list for PBXNativeTarget "SwipeMatchFirestoreLBTA" */ = {
			isa = XCConfigurationList;
			buildConfigurations = (
				0425EA8E228096E1002E1DF6 /* Debug */,
				0425EA8F228096E1002E1DF6 /* Release */,
			);
			defaultConfigurationIsVisible = 0;
			defaultConfigurationName = Release;
		};
/* End XCConfigurationList section */
	};
	rootObject = 0425EA73228096DF002E1DF6 /* Project object */;
}
